{
  "version": 4,
  "terraform_version": "1.7.4",
  "serial": 99,
  "lineage": "07515ea7-86f6-4919-b88d-fb20ad866fdc",
  "outputs": {},
  "resources": [
    {
      "module": "module.azure_vnet",
      "mode": "managed",
      "type": "azurerm_local_network_gateway",
      "name": "do_local_gateway",
      "provider": "provider[\"registry.terraform.io/hashicorp/azurerm\"]",
      "instances": [
        {
          "schema_version": 0,
          "attributes": {
            "address_space": [
              "10.10.0.0/24"
            ],
            "bgp_settings": [],
            "gateway_address": "167.172.142.250",
            "gateway_fqdn": "",
            "id": "/subscriptions/2e5a8c68-236a-494f-896f-a853d5331a20/resourceGroups/do-azure-vpn-rg/providers/Microsoft.Network/localNetworkGateways/do-local-gateway",
            "location": "eastus",
            "name": "do-local-gateway",
            "resource_group_name": "do-azure-vpn-rg",
            "tags": null,
            "timeouts": null
          },
          "sensitive_attributes": [],
          "private": "eyJlMmJmYjczMC1lY2FhLTExZTYtOGY4OC0zNDM2M2JjN2M0YzAiOnsiY3JlYXRlIjoxODAwMDAwMDAwMDAwLCJkZWxldGUiOjE4MDAwMDAwMDAwMDAsInJlYWQiOjMwMDAwMDAwMDAwMCwidXBkYXRlIjoxODAwMDAwMDAwMDAwfX0=",
          "dependencies": [
            "module.azure_vnet.azurerm_public_ip.vpn_gateway_ip",
            "module.azure_vnet.azurerm_resource_group.vpn_rg",
            "module.do_vpn.digitalocean_droplet.vpn"
          ]
        }
      ]
    },
    {
      "module": "module.azure_vnet",
      "mode": "managed",
      "type": "azurerm_public_ip",
      "name": "vpn_gateway_ip",
      "provider": "provider[\"registry.terraform.io/hashicorp/azurerm\"]",
      "instances": [
        {
          "schema_version": 0,
          "attributes": {
            "allocation_method": "Static",
            "ddos_protection_mode": "VirtualNetworkInherited",
            "ddos_protection_plan_id": null,
            "domain_name_label": null,
            "domain_name_label_scope": null,
            "edge_zone": "",
            "fqdn": null,
            "id": "/subscriptions/2e5a8c68-236a-494f-896f-a853d5331a20/resourceGroups/do-azure-vpn-rg/providers/Microsoft.Network/publicIPAddresses/vpn-gateway-ip",
            "idle_timeout_in_minutes": 4,
            "ip_address": "172.191.111.206",
            "ip_tags": null,
            "ip_version": "IPv4",
            "location": "eastus",
            "name": "vpn-gateway-ip",
            "public_ip_prefix_id": null,
            "resource_group_name": "do-azure-vpn-rg",
            "reverse_fqdn": null,
            "sku": "Standard",
            "sku_tier": "Regional",
            "tags": null,
            "timeouts": null,
            "zones": null
          },
          "sensitive_attributes": [],
          "private": "eyJlMmJmYjczMC1lY2FhLTExZTYtOGY4OC0zNDM2M2JjN2M0YzAiOnsiY3JlYXRlIjoxODAwMDAwMDAwMDAwLCJkZWxldGUiOjE4MDAwMDAwMDAwMDAsInJlYWQiOjMwMDAwMDAwMDAwMCwidXBkYXRlIjoxODAwMDAwMDAwMDAwfX0=",
          "dependencies": [
            "module.azure_vnet.azurerm_resource_group.vpn_rg"
          ]
        }
      ]
    },
    {
      "module": "module.azure_vnet",
      "mode": "managed",
      "type": "azurerm_resource_group",
      "name": "vpn_rg",
      "provider": "provider[\"registry.terraform.io/hashicorp/azurerm\"]",
      "instances": [
        {
          "schema_version": 0,
          "attributes": {
            "id": "/subscriptions/2e5a8c68-236a-494f-896f-a853d5331a20/resourceGroups/do-azure-vpn-rg",
            "location": "eastus",
            "managed_by": "",
            "name": "do-azure-vpn-rg",
            "tags": null,
            "timeouts": null
          },
          "sensitive_attributes": [],
          "private": "eyJlMmJmYjczMC1lY2FhLTExZTYtOGY4OC0zNDM2M2JjN2M0YzAiOnsiY3JlYXRlIjo1NDAwMDAwMDAwMDAwLCJkZWxldGUiOjU0MDAwMDAwMDAwMDAsInJlYWQiOjMwMDAwMDAwMDAwMCwidXBkYXRlIjo1NDAwMDAwMDAwMDAwfX0="
        }
      ]
    },
    {
      "module": "module.azure_vnet",
      "mode": "managed",
      "type": "azurerm_subnet",
      "name": "gateway_subnet",
      "provider": "provider[\"registry.terraform.io/hashicorp/azurerm\"]",
      "instances": [
        {
          "schema_version": 0,
          "attributes": {
            "address_prefixes": [
              "10.1.1.0/24"
            ],
            "default_outbound_access_enabled": true,
            "delegation": [],
            "id": "/subscriptions/2e5a8c68-236a-494f-896f-a853d5331a20/resourceGroups/do-azure-vpn-rg/providers/Microsoft.Network/virtualNetworks/vpn-vnet/subnets/GatewaySubnet",
            "name": "GatewaySubnet",
            "private_endpoint_network_policies": "Disabled",
            "private_link_service_network_policies_enabled": true,
            "resource_group_name": "do-azure-vpn-rg",
            "service_endpoint_policy_ids": null,
            "service_endpoints": null,
            "timeouts": null,
            "virtual_network_name": "vpn-vnet"
          },
          "sensitive_attributes": [],
          "private": "eyJlMmJmYjczMC1lY2FhLTExZTYtOGY4OC0zNDM2M2JjN2M0YzAiOnsiY3JlYXRlIjoxODAwMDAwMDAwMDAwLCJkZWxldGUiOjE4MDAwMDAwMDAwMDAsInJlYWQiOjMwMDAwMDAwMDAwMCwidXBkYXRlIjoxODAwMDAwMDAwMDAwfX0=",
          "dependencies": [
            "module.azure_vnet.azurerm_resource_group.vpn_rg",
            "module.azure_vnet.azurerm_virtual_network.vpn_vnet"
          ]
        }
      ]
    },
    {
      "module": "module.azure_vnet",
      "mode": "managed",
      "type": "azurerm_virtual_network",
      "name": "vpn_vnet",
      "provider": "provider[\"registry.terraform.io/hashicorp/azurerm\"]",
      "instances": [
        {
          "schema_version": 0,
          "attributes": {
            "address_space": [
              "10.1.0.0/16"
            ],
            "bgp_community": "",
            "ddos_protection_plan": [],
            "dns_servers": [],
            "edge_zone": "",
            "encryption": [],
            "flow_timeout_in_minutes": 0,
            "guid": "484e01bd-cc70-4dc0-9bd6-ee1f73d88ab3",
            "id": "/subscriptions/2e5a8c68-236a-494f-896f-a853d5331a20/resourceGroups/do-azure-vpn-rg/providers/Microsoft.Network/virtualNetworks/vpn-vnet",
            "location": "eastus",
            "name": "vpn-vnet",
            "private_endpoint_vnet_policies": "Disabled",
            "resource_group_name": "do-azure-vpn-rg",
            "subnet": [],
            "tags": null,
            "timeouts": null
          },
          "sensitive_attributes": [],
          "private": "eyJlMmJmYjczMC1lY2FhLTExZTYtOGY4OC0zNDM2M2JjN2M0YzAiOnsiY3JlYXRlIjoxODAwMDAwMDAwMDAwLCJkZWxldGUiOjE4MDAwMDAwMDAwMDAsInJlYWQiOjMwMDAwMDAwMDAwMCwidXBkYXRlIjoxODAwMDAwMDAwMDAwfX0=",
          "dependencies": [
            "module.azure_vnet.azurerm_resource_group.vpn_rg"
          ]
        }
      ]
    },
    {
      "module": "module.azure_vnet",
      "mode": "managed",
      "type": "azurerm_virtual_network_gateway",
      "name": "vpn_gateway",
      "provider": "provider[\"registry.terraform.io/hashicorp/azurerm\"]",
      "instances": [
        {
          "schema_version": 0,
          "attributes": {
            "active_active": false,
            "bgp_route_translation_for_nat_enabled": false,
            "bgp_settings": [
              {
                "asn": 65515,
                "peer_weight": 0,
                "peering_addresses": [
                  {
                    "apipa_addresses": [],
                    "default_addresses": [
                      "10.1.1.254"
                    ],
                    "ip_configuration_name": "vnetGatewayConfig",
                    "tunnel_ip_addresses": [
                      "172.191.111.206"
                    ]
                  }
                ]
              }
            ],
            "custom_route": [],
            "default_local_network_gateway_id": null,
            "dns_forwarding_enabled": false,
            "edge_zone": "",
            "enable_bgp": false,
            "generation": "Generation1",
            "id": "/subscriptions/2e5a8c68-236a-494f-896f-a853d5331a20/resourceGroups/do-azure-vpn-rg/providers/Microsoft.Network/virtualNetworkGateways/vpn-gateway",
            "ip_configuration": [
              {
                "name": "vnetGatewayConfig",
                "private_ip_address_allocation": "Dynamic",
                "public_ip_address_id": "/subscriptions/2e5a8c68-236a-494f-896f-a853d5331a20/resourceGroups/do-azure-vpn-rg/providers/Microsoft.Network/publicIPAddresses/vpn-gateway-ip",
                "subnet_id": "/subscriptions/2e5a8c68-236a-494f-896f-a853d5331a20/resourceGroups/do-azure-vpn-rg/providers/Microsoft.Network/virtualNetworks/vpn-vnet/subnets/GatewaySubnet"
              }
            ],
            "ip_sec_replay_protection_enabled": true,
            "location": "eastus",
            "name": "vpn-gateway",
            "policy_group": [],
            "private_ip_address_enabled": false,
            "remote_vnet_traffic_enabled": false,
            "resource_group_name": "do-azure-vpn-rg",
            "sku": "VpnGw1",
            "tags": null,
            "timeouts": null,
            "type": "Vpn",
            "virtual_wan_traffic_enabled": false,
            "vpn_client_configuration": [],
            "vpn_type": "RouteBased"
          },
          "sensitive_attributes": [],
          "private": "eyJlMmJmYjczMC1lY2FhLTExZTYtOGY4OC0zNDM2M2JjN2M0YzAiOnsiY3JlYXRlIjo1NDAwMDAwMDAwMDAwLCJkZWxldGUiOjM2MDAwMDAwMDAwMDAsInJlYWQiOjMwMDAwMDAwMDAwMCwidXBkYXRlIjozNjAwMDAwMDAwMDAwfX0=",
          "dependencies": [
            "module.azure_vnet.azurerm_public_ip.vpn_gateway_ip",
            "module.azure_vnet.azurerm_resource_group.vpn_rg",
            "module.azure_vnet.azurerm_subnet.gateway_subnet",
            "module.azure_vnet.azurerm_virtual_network.vpn_vnet"
          ]
        }
      ]
    },
    {
      "module": "module.azure_vnet",
      "mode": "managed",
      "type": "azurerm_virtual_network_gateway_connection",
      "name": "vpn_connection",
      "provider": "provider[\"registry.terraform.io/hashicorp/azurerm\"]",
      "instances": [
        {
          "schema_version": 0,
          "attributes": {
            "authorization_key": "",
            "connection_mode": "Default",
            "connection_protocol": "IKEv2",
            "custom_bgp_addresses": [],
            "dpd_timeout_seconds": 0,
            "egress_nat_rule_ids": null,
            "enable_bgp": false,
            "express_route_circuit_id": null,
            "express_route_gateway_bypass": false,
            "id": "/subscriptions/2e5a8c68-236a-494f-896f-a853d5331a20/resourceGroups/do-azure-vpn-rg/providers/Microsoft.Network/connections/vpn-connection",
            "ingress_nat_rule_ids": null,
            "ipsec_policy": [],
            "local_azure_ip_address_enabled": false,
            "local_network_gateway_id": "/subscriptions/2e5a8c68-236a-494f-896f-a853d5331a20/resourceGroups/do-azure-vpn-rg/providers/Microsoft.Network/localNetworkGateways/do-local-gateway",
            "location": "eastus",
            "name": "vpn-connection",
            "peer_virtual_network_gateway_id": null,
            "private_link_fast_path_enabled": false,
            "resource_group_name": "do-azure-vpn-rg",
            "routing_weight": 0,
            "shared_key": "MyStrongSharedKey123!",
            "tags": null,
            "timeouts": null,
            "traffic_selector_policy": [],
            "type": "IPsec",
            "use_policy_based_traffic_selectors": false,
            "virtual_network_gateway_id": "/subscriptions/2e5a8c68-236a-494f-896f-a853d5331a20/resourceGroups/do-azure-vpn-rg/providers/Microsoft.Network/virtualNetworkGateways/vpn-gateway"
          },
          "sensitive_attributes": [],
          "private": "eyJlMmJmYjczMC1lY2FhLTExZTYtOGY4OC0zNDM2M2JjN2M0YzAiOnsiY3JlYXRlIjoxODAwMDAwMDAwMDAwLCJkZWxldGUiOjE4MDAwMDAwMDAwMDAsInJlYWQiOjMwMDAwMDAwMDAwMCwidXBkYXRlIjoxODAwMDAwMDAwMDAwfX0=",
          "dependencies": [
            "module.azure_vnet.azurerm_local_network_gateway.do_local_gateway",
            "module.azure_vnet.azurerm_public_ip.vpn_gateway_ip",
            "module.azure_vnet.azurerm_resource_group.vpn_rg",
            "module.azure_vnet.azurerm_subnet.gateway_subnet",
            "module.azure_vnet.azurerm_virtual_network.vpn_vnet",
            "module.azure_vnet.azurerm_virtual_network_gateway.vpn_gateway",
            "module.do_vpn.digitalocean_droplet.vpn"
          ]
        }
      ]
    },
    {
      "module": "module.do_vpn",
      "mode": "managed",
      "type": "digitalocean_droplet",
      "name": "vpn",
      "provider": "provider[\"registry.terraform.io/digitalocean/digitalocean\"]",
      "instances": [
        {
          "schema_version": 1,
          "attributes": {
            "backup_policy": [],
            "backups": false,
            "created_at": "2025-05-01T14:59:10Z",
            "disk": 25,
            "droplet_agent": null,
            "graceful_shutdown": false,
            "id": "492938557",
            "image": "ubuntu-22-04-x64",
            "ipv4_address": "167.172.142.250",
            "ipv4_address_private": "10.116.0.2",
            "ipv6": false,
            "ipv6_address": "",
            "locked": false,
            "memory": 1024,
            "monitoring": false,
            "name": "vpn-server",
            "price_hourly": 0.00893,
            "price_monthly": 6,
            "private_networking": true,
            "region": "nyc1",
            "resize_disk": true,
            "size": "s-1vcpu-1gb",
            "ssh_keys": [
              "2b:0c:bb:d7:c1:b9:9d:f1:08:91:d1:13:0f:ab:35:9b"
            ],
            "status": "active",
            "tags": [
              "terraform",
              "vpn"
            ],
            "timeouts": null,
            "urn": "do:droplet:492938557",
            "user_data": null,
            "vcpus": 1,
            "volume_ids": [],
            "vpc_uuid": "e6ca729f-66b0-40c7-826f-15dbdff6ef51"
          },
          "sensitive_attributes": [],
          "private": "eyJlMmJmYjczMC1lY2FhLTExZTYtOGY4OC0zNDM2M2JjN2M0YzAiOnsiY3JlYXRlIjozNjAwMDAwMDAwMDAwLCJkZWxldGUiOjYwMDAwMDAwMDAwLCJ1cGRhdGUiOjM2MDAwMDAwMDAwMDB9LCJzY2hlbWFfdmVyc2lvbiI6IjEifQ==",
          "dependencies": [
            "module.azure_vnet.azurerm_public_ip.vpn_gateway_ip",
            "module.azure_vnet.azurerm_resource_group.vpn_rg"
          ]
        }
      ]
    }
  ],
  "check_results": null
}
